
Microsoft Visual Studio Solution File, Format Version 12.00
# Visual Studio Version 16
VisualStudioVersion = 16.0.30114.105
MinimumVisualStudioVersion = 10.0.40219.1
Project("{FAE04EC0-301F-11D3-BF4B-00C04F79EFBC}") = "interviewtemp", "Interviewtemp.Web\interviewtemp.csproj", "{13552FF8-E889-4AAB-B35D-13B04110C7F3}"
EndProject
Project("{FAE04EC0-301F-11D3-BF4B-00C04F79EFBC}") = "InterviewTemp.Web.Tests", "InterviewTemp.Web.Tests\InterviewTemp.Web.Tests.csproj", "{F6368E13-1A64-4904-8898-787DD43EA793}"
EndProject
Global
	GlobalSection(SolutionConfigurationPlatforms) = preSolution
		Debug|Any CPU = Debug|Any CPU
		Release|Any CPU = Release|Any CPU
	EndGlobalSection
	GlobalSection(SolutionProperties) = preSolution
		HideSolutionNode = FALSE
	EndGlobalSection
	GlobalSection(ProjectConfigurationPlatforms) = postSolution
		{13552FF8-E889-4AAB-B35D-13B04110C7F3}.Debug|Any CPU.ActiveCfg = Debug|Any CPU
		{13552FF8-E889-4AAB-B35D-13B04110C7F3}.Debug|Any CPU.Build.0 = Debug|Any CPU
		{13552FF8-E889-4AAB-B35D-13B04110C7F3}.Release|Any CPU.ActiveCfg = Release|Any CPU
		{13552FF8-E889-4AAB-B35D-13B04110C7F3}.Release|Any CPU.Build.0 = Release|Any CPU
		{F6368E13-1A64-4904-8898-787DD43EA793}.Debug|Any CPU.ActiveCfg = Debug|Any CPU
		{F6368E13-1A64-4904-8898-787DD43EA793}.Debug|Any CPU.Build.0 = Debug|Any CPU
		{F6368E13-1A64-4904-8898-787DD43EA793}.Release|Any CPU.ActiveCfg = Release|Any CPU
		{F6368E13-1A64-4904-8898-787DD43EA793}.Release|Any CPU.Build.0 = Release|Any CPU
	EndGlobalSection
EndGlobal
